
Microsoft Visual Studio Solution File, Format Version 12.00
# Visual Studio 14
VisualStudioVersion = 14.0.25420.1
MinimumVisualStudioVersion = 10.0.40219.1
Project("{FAE04EC0-301F-11D3-BF4B-00C04F79EFBC}") = "TestService", "TestService\TestService.csproj", "{ABF1714B-B340-402E-9DED-F6BE9F666C47}"
EndProject
Project("{FAE04EC0-301F-11D3-BF4B-00C04F79EFBC}") = "KickOff", "KickOff\KickOff.csproj", "{F6785918-8851-4437-BEE1-A88521EB630B}"
EndProject
Project("{FAE04EC0-301F-11D3-BF4B-00C04F79EFBC}") = "KickOff.Tests", "KickOff.Tests\KickOff.Tests.csproj", "{3135D41E-F778-4104-88F8-86427F1FFFFE}"
EndProject
Global
	GlobalSection(SolutionConfigurationPlatforms) = preSolution
		Debug|Any CPU = Debug|Any CPU
		Release|Any CPU = Release|Any CPU
	EndGlobalSection
	GlobalSection(ProjectConfigurationPlatforms) = postSolution
		{ABF1714B-B340-402E-9DED-F6BE9F666C47}.Debug|Any CPU.ActiveCfg = Debug|Any CPU
		{ABF1714B-B340-402E-9DED-F6BE9F666C47}.Debug|Any CPU.Build.0 = Debug|Any CPU
		{ABF1714B-B340-402E-9DED-F6BE9F666C47}.Release|Any CPU.ActiveCfg = Release|Any CPU
		{ABF1714B-B340-402E-9DED-F6BE9F666C47}.Release|Any CPU.Build.0 = Release|Any CPU
		{F6785918-8851-4437-BEE1-A88521EB630B}.Debug|Any CPU.ActiveCfg = Debug|Any CPU
		{F6785918-8851-4437-BEE1-A88521EB630B}.Debug|Any CPU.Build.0 = Debug|Any CPU
		{F6785918-8851-4437-BEE1-A88521EB630B}.Release|Any CPU.ActiveCfg = Release|Any CPU
		{F6785918-8851-4437-BEE1-A88521EB630B}.Release|Any CPU.Build.0 = Release|Any CPU
		{3135D41E-F778-4104-88F8-86427F1FFFFE}.Debug|Any CPU.ActiveCfg = Debug|Any CPU
		{3135D41E-F778-4104-88F8-86427F1FFFFE}.Debug|Any CPU.Build.0 = Debug|Any CPU
		{3135D41E-F778-4104-88F8-86427F1FFFFE}.Release|Any CPU.ActiveCfg = Release|Any CPU
		{3135D41E-F778-4104-88F8-86427F1FFFFE}.Release|Any CPU.Build.0 = Release|Any CPU
	EndGlobalSection
	GlobalSection(SolutionProperties) = preSolution
		HideSolutionNode = FALSE
	EndGlobalSection
EndGlobal
